[[package]]
category = "main"
description = "A configurable sidebar-enabled Sphinx theme"
name = "alabaster"
optional = true
python-versions = "*"
version = "0.7.12"

[[package]]
category = "dev"
description = "Atomic file writes."
marker = "sys_platform == \"win32\""
name = "atomicwrites"
optional = false
python-versions = ">=2.7, !=3.0.*, !=3.1.*, !=3.2.*, !=3.3.*"
version = "1.3.0"

[[package]]
category = "dev"
description = "Classes Without Boilerplate"
name = "attrs"
optional = false
python-versions = ">=2.7, !=3.0.*, !=3.1.*, !=3.2.*, !=3.3.*"
version = "19.3.0"

[package.extras]
azure-pipelines = ["coverage", "hypothesis", "pympler", "pytest (>=4.3.0)", "six", "zope.interface", "pytest-azurepipelines"]
dev = ["coverage", "hypothesis", "pympler", "pytest (>=4.3.0)", "six", "zope.interface", "sphinx", "pre-commit"]
docs = ["sphinx", "zope.interface"]
tests = ["coverage", "hypothesis", "pympler", "pytest (>=4.3.0)", "six", "zope.interface"]

[[package]]
category = "main"
description = "Internationalization utilities"
name = "babel"
optional = true
python-versions = ">=2.7, !=3.0.*, !=3.1.*, !=3.2.*, !=3.3.*"
version = "2.7.0"

[package.dependencies]
pytz = ">=2015.7"

[[package]]
category = "main"
description = "Python package for providing Mozilla's CA Bundle."
name = "certifi"
optional = true
python-versions = "*"
version = "2019.11.28"

[[package]]
category = "main"
description = "Universal encoding detector for Python 2 and 3"
name = "chardet"
optional = true
python-versions = "*"
version = "3.0.4"

[[package]]
category = "main"
description = "Composable command line interface toolkit"
name = "click"
optional = false
python-versions = ">=2.7, !=3.0.*, !=3.1.*, !=3.2.*, !=3.3.*"
version = "7.0"

[[package]]
category = "main"
description = "Cross-platform colored terminal text."
marker = "sys_platform == \"win32\""
name = "colorama"
optional = false
python-versions = ">=2.7, !=3.0.*, !=3.1.*, !=3.2.*, !=3.3.*"
version = "0.4.1"

[[package]]
category = "dev"
description = "Code coverage measurement for Python"
name = "coverage"
optional = false
python-versions = ">=2.7, !=3.0.*, !=3.1.*, !=3.2.*, !=3.3.*, !=3.4.*, <4"
version = "5.0"

[package.extras]
toml = ["toml"]

[[package]]
category = "main"
description = "Docutils -- Python Documentation Utilities"
name = "docutils"
optional = true
python-versions = ">=2.6, !=3.0.*, !=3.1.*, !=3.2.*"
version = "0.15.2"

[[package]]
category = "main"
description = "Internationalized Domain Names in Applications (IDNA)"
name = "idna"
optional = true
python-versions = ">=2.7, !=3.0.*, !=3.1.*, !=3.2.*, !=3.3.*"
version = "2.8"

[[package]]
category = "main"
description = "Getting image size from png/jpeg/jpeg2000/gif file"
name = "imagesize"
optional = true
python-versions = ">=2.7, !=3.0.*, !=3.1.*, !=3.2.*, !=3.3.*"
version = "1.1.0"

[[package]]
category = "dev"
description = "Read metadata from Python packages"
marker = "python_version < \"3.8\""
name = "importlib-metadata"
optional = false
python-versions = ">=2.7,!=3.0,!=3.1,!=3.2,!=3.3"
version = "0.23"

[package.dependencies]
zipp = ">=0.5"

[package.extras]
docs = ["sphinx", "rst.linker"]
testing = ["packaging", "importlib-resources"]

[[package]]
category = "main"
description = "A very fast and expressive template engine."
name = "jinja2"
optional = true
python-versions = "*"
version = "2.10.3"

[package.dependencies]
MarkupSafe = ">=0.23"

[package.extras]
i18n = ["Babel (>=0.8)"]

[[package]]
category = "main"
description = "Safely add untrusted strings to HTML/XML markup."
name = "markupsafe"
optional = true
python-versions = ">=2.7,!=3.0.*,!=3.1.*,!=3.2.*,!=3.3.*"
version = "1.1.1"

[[package]]
category = "dev"
description = "More routines for operating on iterables, beyond itertools"
name = "more-itertools"
optional = false
python-versions = ">=3.5"
version = "8.0.2"

[[package]]
category = "main"
description = "Core utilities for Python packages"
name = "packaging"
optional = false
python-versions = ">=2.7, !=3.0.*, !=3.1.*, !=3.2.*, !=3.3.*"
version = "19.2"

[package.dependencies]
pyparsing = ">=2.0.2"
six = "*"

[[package]]
category = "dev"
description = "plugin and hook calling mechanisms for python"
name = "pluggy"
optional = false
python-versions = ">=2.7, !=3.0.*, !=3.1.*, !=3.2.*, !=3.3.*"
version = "0.13.1"

[package.dependencies]
[package.dependencies.importlib-metadata]
python = "<3.8"
version = ">=0.12"

[package.extras]
dev = ["pre-commit", "tox"]

[[package]]
category = "dev"
description = "library with cross-python path, ini-parsing, io, code, log facilities"
name = "py"
optional = false
python-versions = ">=2.7, !=3.0.*, !=3.1.*, !=3.2.*, !=3.3.*"
version = "1.8.0"

[[package]]
category = "main"
description = "Pygments is a syntax highlighting package written in Python."
name = "pygments"
optional = true
python-versions = ">=2.7, !=3.0.*, !=3.1.*, !=3.2.*, !=3.3.*, !=3.4.*"
version = "2.5.2"

[[package]]
category = "main"
description = "Python parsing module"
name = "pyparsing"
optional = false
python-versions = ">=2.6, !=3.0.*, !=3.1.*, !=3.2.*"
version = "2.4.5"

[[package]]
category = "dev"
description = "pytest: simple powerful testing with Python"
name = "pytest"
optional = false
python-versions = ">=3.5"
version = "5.3.2"

[package.dependencies]
atomicwrites = ">=1.0"
attrs = ">=17.4.0"
colorama = "*"
more-itertools = ">=4.0.0"
packaging = "*"
pluggy = ">=0.12,<1.0"
py = ">=1.5.0"
wcwidth = "*"

[package.dependencies.importlib-metadata]
python = "<3.8"
version = ">=0.12"

[package.extras]
testing = ["argcomplete", "hypothesis (>=3.56)", "mock", "nose", "requests", "xmlschema"]

[[package]]
category = "dev"
description = "Pytest plugin for measuring coverage."
name = "pytest-cov"
optional = false
python-versions = ">=2.7, !=3.0.*, !=3.1.*, !=3.2.*, !=3.3.*"
version = "2.8.1"

[package.dependencies]
coverage = ">=4.4"
pytest = ">=3.6"

[package.extras]
testing = ["fields", "hunter", "process-tests (2.0.2)", "six", "virtualenv"]

[[package]]
category = "dev"
description = "Thin-wrapper around the mock package for easier use with py.test"
name = "pytest-mock"
optional = false
python-versions = ">=2.7, !=3.0.*, !=3.1.*, !=3.2.*, !=3.3.*"
version = "1.13.0"

[package.dependencies]
pytest = ">=2.7"

[package.extras]
dev = ["pre-commit", "tox"]

[[package]]
category = "main"
description = "World timezone definitions, modern and historical"
name = "pytz"
optional = true
python-versions = "*"
version = "2019.3"

[[package]]
category = "main"
description = "Python HTTP for Humans."
name = "requests"
optional = true
python-versions = ">=2.7, !=3.0.*, !=3.1.*, !=3.2.*, !=3.3.*, !=3.4.*"
version = "2.22.0"

[package.dependencies]
certifi = ">=2017.4.17"
chardet = ">=3.0.2,<3.1.0"
idna = ">=2.5,<2.9"
urllib3 = ">=1.21.1,<1.25.0 || >1.25.0,<1.25.1 || >1.25.1,<1.26"

[package.extras]
security = ["pyOpenSSL (>=0.14)", "cryptography (>=1.3.4)", "idna (>=2.0.0)"]
socks = ["PySocks (>=1.5.6,<1.5.7 || >1.5.7)", "win-inet-pton"]

[[package]]
category = "main"
description = "Python 2 and 3 compatibility utilities"
name = "six"
optional = false
python-versions = ">=2.6, !=3.0.*, !=3.1.*"
version = "1.13.0"

[[package]]
category = "main"
description = "This package provides 26 stemmers for 25 languages generated from Snowball algorithms."
name = "snowballstemmer"
optional = true
python-versions = "*"
version = "2.0.0"

[[package]]
category = "main"
description = "Python documentation generator"
name = "sphinx"
optional = true
python-versions = ">=3.5"
version = "2.3.0"

[package.dependencies]
Jinja2 = ">=2.3"
Pygments = ">=2.0"
alabaster = ">=0.7,<0.8"
babel = ">=1.3,<2.0 || >2.0"
colorama = ">=0.3.5"
docutils = ">=0.12"
imagesize = "*"
packaging = "*"
requests = ">=2.5.0"
setuptools = "*"
snowballstemmer = ">=1.1"
sphinxcontrib-applehelp = "*"
sphinxcontrib-devhelp = "*"
sphinxcontrib-htmlhelp = "*"
sphinxcontrib-jsmath = "*"
sphinxcontrib-qthelp = "*"
sphinxcontrib-serializinghtml = "*"

[package.extras]
docs = ["sphinxcontrib-websupport"]
test = ["pytest", "pytest-cov", "html5lib", "flake8 (>=3.5.0)", "flake8-import-order", "mypy (>=0.750)", "docutils-stubs"]

[[package]]
category = "main"
description = "Type hints (PEP 484) support for the Sphinx autodoc extension"
name = "sphinx-autodoc-typehints"
optional = true
python-versions = ">=3.5.2"
version = "1.10.3"

[package.dependencies]
Sphinx = ">=2.1"

[package.extras]
test = ["pytest (>=3.1.0)", "typing-extensions (>=3.5)", "sphobjinv (>=2.0)", "dataclasses"]
type_comments = ["typed-ast (>=1.4.0)"]

[[package]]
category = "main"
description = "Read the Docs theme for Sphinx"
name = "sphinx-rtd-theme"
optional = true
python-versions = "*"
version = "0.4.3"

[package.dependencies]
sphinx = "*"

[[package]]
category = "main"
description = ""
name = "sphinxcontrib-applehelp"
optional = true
python-versions = "*"
version = "1.0.1"

[package.extras]
test = ["pytest", "flake8", "mypy"]

[[package]]
category = "main"
description = ""
name = "sphinxcontrib-devhelp"
optional = true
python-versions = "*"
version = "1.0.1"

[package.extras]
test = ["pytest", "flake8", "mypy"]

[[package]]
category = "main"
description = ""
name = "sphinxcontrib-htmlhelp"
optional = true
python-versions = "*"
version = "1.0.2"

[package.extras]
test = ["pytest", "flake8", "mypy", "html5lib"]

[[package]]
category = "main"
description = "A sphinx extension which renders display math in HTML via JavaScript"
name = "sphinxcontrib-jsmath"
optional = true
python-versions = ">=3.5"
version = "1.0.1"

[package.extras]
test = ["pytest", "flake8", "mypy"]

[[package]]
category = "main"
description = ""
name = "sphinxcontrib-qthelp"
optional = true
python-versions = "*"
version = "1.0.2"

[package.extras]
test = ["pytest", "flake8", "mypy"]

[[package]]
category = "main"
description = ""
name = "sphinxcontrib-serializinghtml"
optional = true
python-versions = "*"
version = "1.1.3"

[package.extras]
test = ["pytest", "flake8", "mypy"]

[[package]]
category = "main"
description = "HTTP library with thread-safe connection pooling, file post, and more."
name = "urllib3"
optional = true
python-versions = ">=2.7, !=3.0.*, !=3.1.*, !=3.2.*, !=3.3.*, <4"
version = "1.25.7"

[package.extras]
brotli = ["brotlipy (>=0.6.0)"]
secure = ["pyOpenSSL (>=0.14)", "cryptography (>=1.3.4)", "idna (>=2.0.0)", "certifi", "ipaddress"]
socks = ["PySocks (>=1.5.6,<1.5.7 || >1.5.7,<2.0)"]

[[package]]
category = "dev"
description = "Measures number of Terminal column cells of wide-character codes"
name = "wcwidth"
optional = false
python-versions = "*"
version = "0.1.7"

[[package]]
category = "dev"
description = "A rewrite of the builtin doctest module"
name = "xdoctest"
optional = false
python-versions = "*"
version = "0.11.0"

[package.dependencies]
six = "*"

[package.extras]
all = ["six", "pytest", "pytest-cov", "codecov", "pygments", "colorama"]
optional = ["pygments", "colorama"]
tests = ["pytest", "pytest-cov", "codecov"]

[[package]]
category = "dev"
description = "Backport of pathlib-compatible object wrapper for zip files"
marker = "python_version < \"3.8\""
name = "zipp"
optional = false
python-versions = ">=2.7"
version = "0.6.0"

[package.dependencies]
more-itertools = "*"

[package.extras]
docs = ["sphinx", "jaraco.packaging (>=3.2)", "rst.linker (>=1.9)"]
testing = ["pathlib2", "contextlib2", "unittest2"]

[extras]
docs = ["sphinx", "sphinx-rtd-theme", "sphinx-autodoc-typehints"]

[metadata]
content-hash = "3b9529e208690978e3a4944ddb79b6fcd6fae99da737a03f69635a9b6882e671"
python-versions = "^3.7"

[metadata.files]
alabaster = [
    {file = "alabaster-0.7.12-py2.py3-none-any.whl", hash = "sha256:446438bdcca0e05bd45ea2de1668c1d9b032e1a9154c2c259092d77031ddd359"},
    {file = "alabaster-0.7.12.tar.gz", hash = "sha256:a661d72d58e6ea8a57f7a86e37d86716863ee5e92788398526d58b26a4e4dc02"},
]
atomicwrites = [
    {file = "atomicwrites-1.3.0-py2.py3-none-any.whl", hash = "sha256:03472c30eb2c5d1ba9227e4c2ca66ab8287fbfbbda3888aa93dc2e28fc6811b4"},
    {file = "atomicwrites-1.3.0.tar.gz", hash = "sha256:75a9445bac02d8d058d5e1fe689654ba5a6556a1dfd8ce6ec55a0ed79866cfa6"},
]
attrs = [
    {file = "attrs-19.3.0-py2.py3-none-any.whl", hash = "sha256:08a96c641c3a74e44eb59afb61a24f2cb9f4d7188748e76ba4bb5edfa3cb7d1c"},
    {file = "attrs-19.3.0.tar.gz", hash = "sha256:f7b7ce16570fe9965acd6d30101a28f62fb4a7f9e926b3bbc9b61f8b04247e72"},
]
babel = [
    {file = "Babel-2.7.0-py2.py3-none-any.whl", hash = "sha256:af92e6106cb7c55286b25b38ad7695f8b4efb36a90ba483d7f7a6628c46158ab"},
    {file = "Babel-2.7.0.tar.gz", hash = "sha256:e86135ae101e31e2c8ec20a4e0c5220f4eed12487d5cf3f78be7e98d3a57fc28"},
]
certifi = [
    {file = "certifi-2019.11.28-py2.py3-none-any.whl", hash = "sha256:017c25db2a153ce562900032d5bc68e9f191e44e9a0f762f373977de9df1fbb3"},
    {file = "certifi-2019.11.28.tar.gz", hash = "sha256:25b64c7da4cd7479594d035c08c2d809eb4aab3a26e5a990ea98cc450c320f1f"},
]
chardet = [
    {file = "chardet-3.0.4-py2.py3-none-any.whl", hash = "sha256:fc323ffcaeaed0e0a02bf4d117757b98aed530d9ed4531e3e15460124c106691"},
    {file = "chardet-3.0.4.tar.gz", hash = "sha256:84ab92ed1c4d4f16916e05906b6b75a6c0fb5db821cc65e70cbd64a3e2a5eaae"},
]
click = [
    {file = "Click-7.0-py2.py3-none-any.whl", hash = "sha256:2335065e6395b9e67ca716de5f7526736bfa6ceead690adf616d925bdc622b13"},
    {file = "Click-7.0.tar.gz", hash = "sha256:5b94b49521f6456670fdb30cd82a4eca9412788a93fa6dd6df72c94d5a8ff2d7"},
]
colorama = [
    {file = "colorama-0.4.1-py2.py3-none-any.whl", hash = "sha256:f8ac84de7840f5b9c4e3347b3c1eaa50f7e49c2b07596221daec5edaabbd7c48"},
    {file = "colorama-0.4.1.tar.gz", hash = "sha256:05eed71e2e327246ad6b38c540c4a3117230b19679b875190486ddd2d721422d"},
]
coverage = [
    {file = "coverage-5.0-cp27-cp27m-macosx_10_12_x86_64.whl", hash = "sha256:9c871b006c878a890c6e44a5b2f3c6291335324b298c904dc0402ee92ee1f0be"},
    {file = "coverage-5.0-cp27-cp27m-macosx_10_13_intel.whl", hash = "sha256:e5a675f6829c53c87d79117a8eb656cc4a5f8918185a32fc93ba09778e90f6db"},
    {file = "coverage-5.0-cp27-cp27m-manylinux1_i686.whl", hash = "sha256:81326f1095c53111f8afc95da281e1414185f4a538609a77ca50bdfa39a6c207"},
    {file = "coverage-5.0-cp27-cp27m-manylinux1_x86_64.whl", hash = "sha256:8873dc0d8f42142ea9f20c27bbdc485190fff93823c6795be661703369e5877d"},
    {file = "coverage-5.0-cp27-cp27m-win32.whl", hash = "sha256:44b783b02db03c4777d8cf71bae19eadc171a6f2a96777d916b2c30a1eb3d070"},
    {file = "coverage-5.0-cp27-cp27m-win_amd64.whl", hash = "sha256:d52c1c2d7e856cecc05aa0526453cb14574f821b7f413cc279b9514750d795c1"},
    {file = "coverage-5.0-cp27-cp27mu-manylinux1_i686.whl", hash = "sha256:ba259f68250f16d2444cbbfaddaa0bb20e1560a4fdaad50bece25c199e6af864"},
    {file = "coverage-5.0-cp27-cp27mu-manylinux1_x86_64.whl", hash = "sha256:475bf7c4252af0a56e1abba9606f1e54127cdf122063095c75ab04f6f99cf45e"},
    {file = "coverage-5.0-cp35-cp35m-macosx_10_12_x86_64.whl", hash = "sha256:91f2491aeab9599956c45a77c5666d323efdec790bfe23fcceafcd91105d585a"},
    {file = "coverage-5.0-cp35-cp35m-manylinux1_i686.whl", hash = "sha256:979daa8655ae5a51e8e7a24e7d34e250ae8309fd9719490df92cbb2fe2b0422b"},
    {file = "coverage-5.0-cp35-cp35m-manylinux1_x86_64.whl", hash = "sha256:1a4b6b6a2a3a6612e6361130c2cc3dc4378d8c221752b96167ccbad94b47f3cd"},
    {file = "coverage-5.0-cp35-cp35m-win32.whl", hash = "sha256:56b13000acf891f700f5067512b804d1ec8c301d627486c678b903859d07f798"},
    {file = "coverage-5.0-cp35-cp35m-win_amd64.whl", hash = "sha256:81042a24f67b96e4287774014fa27220d8a4d91af1043389e4d73892efc89ac6"},
    {file = "coverage-5.0-cp36-cp36m-macosx_10_13_x86_64.whl", hash = "sha256:fec32646b98baf4a22fdceb08703965bd16dea09051fbeb31a04b5b6e72b846c"},
    {file = "coverage-5.0-cp36-cp36m-manylinux1_i686.whl", hash = "sha256:7fe3e2fde2bf1d7ce25ebcd2d3de3650b8d60d9a73ce6dcef36e20191291613d"},
    {file = "coverage-5.0-cp36-cp36m-manylinux1_x86_64.whl", hash = "sha256:be1d89614c6b6c36d7578496dc8625123bda2ff44f224cf8b1c45b810ee7383f"},
    {file = "coverage-5.0-cp36-cp36m-win32.whl", hash = "sha256:47c81ee687eafc2f1db7f03fbe99aab81330565ebc62fb3b61edfc2216a550c8"},
    {file = "coverage-5.0-cp36-cp36m-win_amd64.whl", hash = "sha256:3be5338a2eb4ef03c57f20917e1d12a1fd10e3853fed060b6d6b677cb3745898"},
    {file = "coverage-5.0-cp37-cp37m-macosx_10_13_x86_64.whl", hash = "sha256:79388ae29c896299b3567965dbcd93255f175c17c6c7bca38614d12718c47466"},
    {file = "coverage-5.0-cp37-cp37m-manylinux1_i686.whl", hash = "sha256:4a7f8e72b18f2aca288ff02255ce32cc830bc04d993efbc87abf6beddc9e56c0"},
    {file = "coverage-5.0-cp37-cp37m-manylinux1_x86_64.whl", hash = "sha256:d609a6d564ad3d327e9509846c2c47f170456344521462b469e5cb39e48ba31c"},
    {file = "coverage-5.0-cp37-cp37m-win32.whl", hash = "sha256:50197163a22fd17f79086e087a787883b3ec9280a509807daf158dfc2a7ded02"},
    {file = "coverage-5.0-cp37-cp37m-win_amd64.whl", hash = "sha256:b5ed7837b923d1d71c4f587ae1539ccd96bfd6be9788f507dbe94dab5febbb5d"},
    {file = "coverage-5.0-cp38-cp38-macosx_10_13_x86_64.whl", hash = "sha256:c95bb147fab76f2ecde332d972d8f4138b8f2daee6c466af4ff3b4f29bd4c19e"},
    {file = "coverage-5.0-cp38-cp38-manylinux1_i686.whl", hash = "sha256:0cd13a6e98c37b510a2d34c8281d5e1a226aaf9b65b7d770ef03c63169965351"},
    {file = "coverage-5.0-cp38-cp38-manylinux1_x86_64.whl", hash = "sha256:88d2cbcb0a112f47eef71eb95460b6995da18e6f8ca50c264585abc2c473154b"},
    {file = "coverage-5.0-cp38-cp38m-win32.whl", hash = "sha256:2ee55e6dba516ddf6f484aa83ccabbb0adf45a18892204c23486938d12258cde"},
    {file = "coverage-5.0-cp38-cp38m-win_amd64.whl", hash = "sha256:a6d092545e5af53e960465f652e00efbf5357adad177b2630d63978d85e46a72"},
    {file = "coverage-5.0-cp39-cp39m-win32.whl", hash = "sha256:79fd5d3d62238c4f583b75d48d53cdae759fe04d4fb18fe8b371d88ad2b6f8be"},
    {file = "coverage-5.0-cp39-cp39m-win_amd64.whl", hash = "sha256:c1b030a79749aa8d1f1486885040114ee56933b15ccfc90049ba266e4aa2139f"},
    {file = "coverage-5.0.tar.gz", hash = "sha256:e1bad043c12fb58e8c7d92b3d7f2f49977dcb80a08a6d1e7a5114a11bf819fca"},
]
docutils = [
    {file = "docutils-0.15.2-py2-none-any.whl", hash = "sha256:9e4d7ecfc600058e07ba661411a2b7de2fd0fafa17d1a7f7361cd47b1175c827"},
    {file = "docutils-0.15.2-py3-none-any.whl", hash = "sha256:6c4f696463b79f1fb8ba0c594b63840ebd41f059e92b31957c46b74a4599b6d0"},
    {file = "docutils-0.15.2.tar.gz", hash = "sha256:a2aeea129088da402665e92e0b25b04b073c04b2dce4ab65caaa38b7ce2e1a99"},
]
idna = [
    {file = "idna-2.8-py2.py3-none-any.whl", hash = "sha256:ea8b7f6188e6fa117537c3df7da9fc686d485087abf6ac197f9c46432f7e4a3c"},
    {file = "idna-2.8.tar.gz", hash = "sha256:c357b3f628cf53ae2c4c05627ecc484553142ca23264e593d327bcde5e9c3407"},
]
imagesize = [
    {file = "imagesize-1.1.0-py2.py3-none-any.whl", hash = "sha256:3f349de3eb99145973fefb7dbe38554414e5c30abd0c8e4b970a7c9d09f3a1d8"},
    {file = "imagesize-1.1.0.tar.gz", hash = "sha256:f3832918bc3c66617f92e35f5d70729187676313caa60c187eb0f28b8fe5e3b5"},
]
importlib-metadata = [
    {file = "importlib_metadata-0.23-py2.py3-none-any.whl", hash = "sha256:d5f18a79777f3aa179c145737780282e27b508fc8fd688cb17c7a813e8bd39af"},
    {file = "importlib_metadata-0.23.tar.gz", hash = "sha256:aa18d7378b00b40847790e7c27e11673d7fed219354109d0e7b9e5b25dc3ad26"},
]
jinja2 = [
    {file = "Jinja2-2.10.3-py2.py3-none-any.whl", hash = "sha256:74320bb91f31270f9551d46522e33af46a80c3d619f4a4bf42b3164d30b5911f"},
    {file = "Jinja2-2.10.3.tar.gz", hash = "sha256:9fe95f19286cfefaa917656583d020be14e7859c6b0252588391e47db34527de"},
]
markupsafe = [
    {file = "MarkupSafe-1.1.1-cp27-cp27m-macosx_10_6_intel.whl", hash = "sha256:09027a7803a62ca78792ad89403b1b7a73a01c8cb65909cd876f7fcebd79b161"},
    {file = "MarkupSafe-1.1.1-cp27-cp27m-manylinux1_i686.whl", hash = "sha256:e249096428b3ae81b08327a63a485ad0878de3fb939049038579ac0ef61e17e7"},
    {file = "MarkupSafe-1.1.1-cp27-cp27m-manylinux1_x86_64.whl", hash = "sha256:500d4957e52ddc3351cabf489e79c91c17f6e0899158447047588650b5e69183"},
    {file = "MarkupSafe-1.1.1-cp27-cp27m-win32.whl", hash = "sha256:b2051432115498d3562c084a49bba65d97cf251f5a331c64a12ee7e04dacc51b"},
    {file = "MarkupSafe-1.1.1-cp27-cp27m-win_amd64.whl", hash = "sha256:98c7086708b163d425c67c7a91bad6e466bb99d797aa64f965e9d25c12111a5e"},
    {file = "MarkupSafe-1.1.1-cp27-cp27mu-manylinux1_i686.whl", hash = "sha256:cd5df75523866410809ca100dc9681e301e3c27567cf498077e8551b6d20e42f"},
    {file = "MarkupSafe-1.1.1-cp27-cp27mu-manylinux1_x86_64.whl", hash = "sha256:43a55c2930bbc139570ac2452adf3d70cdbb3cfe5912c71cdce1c2c6bbd9c5d1"},
    {file = "MarkupSafe-1.1.1-cp34-cp34m-macosx_10_6_intel.whl", hash = "sha256:1027c282dad077d0bae18be6794e6b6b8c91d58ed8a8d89a89d59693b9131db5"},
    {file = "MarkupSafe-1.1.1-cp34-cp34m-manylinux1_i686.whl", hash = "sha256:62fe6c95e3ec8a7fad637b7f3d372c15ec1caa01ab47926cfdf7a75b40e0eac1"},
    {file = "MarkupSafe-1.1.1-cp34-cp34m-manylinux1_x86_64.whl", hash = "sha256:88e5fcfb52ee7b911e8bb6d6aa2fd21fbecc674eadd44118a9cc3863f938e735"},
    {file = "MarkupSafe-1.1.1-cp34-cp34m-win32.whl", hash = "sha256:ade5e387d2ad0d7ebf59146cc00c8044acbd863725f887353a10df825fc8ae21"},
    {file = "MarkupSafe-1.1.1-cp34-cp34m-win_amd64.whl", hash = "sha256:09c4b7f37d6c648cb13f9230d847adf22f8171b1ccc4d5682398e77f40309235"},
    {file = "MarkupSafe-1.1.1-cp35-cp35m-macosx_10_6_intel.whl", hash = "sha256:79855e1c5b8da654cf486b830bd42c06e8780cea587384cf6545b7d9ac013a0b"},
    {file = "MarkupSafe-1.1.1-cp35-cp35m-manylinux1_i686.whl", hash = "sha256:c8716a48d94b06bb3b2524c2b77e055fb313aeb4ea620c8dd03a105574ba704f"},
    {file = "MarkupSafe-1.1.1-cp35-cp35m-manylinux1_x86_64.whl", hash = "sha256:7c1699dfe0cf8ff607dbdcc1e9b9af1755371f92a68f706051cc8c37d447c905"},
    {file = "MarkupSafe-1.1.1-cp35-cp35m-win32.whl", hash = "sha256:6dd73240d2af64df90aa7c4e7481e23825ea70af4b4922f8ede5b9e35f78a3b1"},
    {file = "MarkupSafe-1.1.1-cp35-cp35m-win_amd64.whl", hash = "sha256:9add70b36c5666a2ed02b43b335fe19002ee5235efd4b8a89bfcf9005bebac0d"},
    {file = "MarkupSafe-1.1.1-cp36-cp36m-macosx_10_6_intel.whl", hash = "sha256:24982cc2533820871eba85ba648cd53d8623687ff11cbb805be4ff7b4c971aff"},
    {file = "MarkupSafe-1.1.1-cp36-cp36m-manylinux1_i686.whl", hash = "sha256:00bc623926325b26bb9605ae9eae8a215691f33cae5df11ca5424f06f2d1f473"},
    {file = "MarkupSafe-1.1.1-cp36-cp36m-manylinux1_x86_64.whl", hash = "sha256:717ba8fe3ae9cc0006d7c451f0bb265ee07739daf76355d06366154ee68d221e"},
    {file = "MarkupSafe-1.1.1-cp36-cp36m-win32.whl", hash = "sha256:535f6fc4d397c1563d08b88e485c3496cf5784e927af890fb3c3aac7f933ec66"},
    {file = "MarkupSafe-1.1.1-cp36-cp36m-win_amd64.whl", hash = "sha256:b1282f8c00509d99fef04d8ba936b156d419be841854fe901d8ae224c59f0be5"},
    {file = "MarkupSafe-1.1.1-cp37-cp37m-macosx_10_6_intel.whl", hash = "sha256:8defac2f2ccd6805ebf65f5eeb132adcf2ab57aa11fdf4c0dd5169a004710e7d"},
    {file = "MarkupSafe-1.1.1-cp37-cp37m-manylinux1_i686.whl", hash = "sha256:46c99d2de99945ec5cb54f23c8cd5689f6d7177305ebff350a58ce5f8de1669e"},
    {file = "MarkupSafe-1.1.1-cp37-cp37m-manylinux1_x86_64.whl", hash = "sha256:ba59edeaa2fc6114428f1637ffff42da1e311e29382d81b339c1817d37ec93c6"},
    {file = "MarkupSafe-1.1.1-cp37-cp37m-win32.whl", hash = "sha256:b00c1de48212e4cc9603895652c5c410df699856a2853135b3967591e4beebc2"},
    {file = "MarkupSafe-1.1.1-cp37-cp37m-win_amd64.whl", hash = "sha256:9bf40443012702a1d2070043cb6291650a0841ece432556f784f004937f0f32c"},
    {file = "MarkupSafe-1.1.1.tar.gz", hash = "sha256:29872e92839765e546828bb7754a68c418d927cd064fd4708fab9fe9c8bb116b"},
]
more-itertools = [
    {file = "more-itertools-8.0.2.tar.gz", hash = "sha256:b84b238cce0d9adad5ed87e745778d20a3f8487d0f0cb8b8a586816c7496458d"},
    {file = "more_itertools-8.0.2-py3-none-any.whl", hash = "sha256:c833ef592a0324bcc6a60e48440da07645063c453880c9477ceb22490aec1564"},
]
packaging = [
    {file = "packaging-19.2-py2.py3-none-any.whl", hash = "sha256:d9551545c6d761f3def1677baf08ab2a3ca17c56879e70fecba2fc4dde4ed108"},
    {file = "packaging-19.2.tar.gz", hash = "sha256:28b924174df7a2fa32c1953825ff29c61e2f5e082343165438812f00d3a7fc47"},
]
pluggy = [
    {file = "pluggy-0.13.1-py2.py3-none-any.whl", hash = "sha256:966c145cd83c96502c3c3868f50408687b38434af77734af1e9ca461a4081d2d"},
    {file = "pluggy-0.13.1.tar.gz", hash = "sha256:15b2acde666561e1298d71b523007ed7364de07029219b604cf808bfa1c765b0"},
]
py = [
    {file = "py-1.8.0-py2.py3-none-any.whl", hash = "sha256:64f65755aee5b381cea27766a3a147c3f15b9b6b9ac88676de66ba2ae36793fa"},
    {file = "py-1.8.0.tar.gz", hash = "sha256:dc639b046a6e2cff5bbe40194ad65936d6ba360b52b3c3fe1d08a82dd50b5e53"},
]
pygments = [
    {file = "Pygments-2.5.2-py2.py3-none-any.whl", hash = "sha256:2a3fe295e54a20164a9df49c75fa58526d3be48e14aceba6d6b1e8ac0bfd6f1b"},
    {file = "Pygments-2.5.2.tar.gz", hash = "sha256:98c8aa5a9f778fcd1026a17361ddaf7330d1b7c62ae97c3bb0ae73e0b9b6b0fe"},
]
pyparsing = [
    {file = "pyparsing-2.4.5-py2.py3-none-any.whl", hash = "sha256:20f995ecd72f2a1f4bf6b072b63b22e2eb457836601e76d6e5dfcd75436acc1f"},
    {file = "pyparsing-2.4.5.tar.gz", hash = "sha256:4ca62001be367f01bd3e92ecbb79070272a9d4964dce6a48a82ff0b8bc7e683a"},
]
pytest = [
    {file = "pytest-5.3.2-py3-none-any.whl", hash = "sha256:e41d489ff43948babd0fad7ad5e49b8735d5d55e26628a58673c39ff61d95de4"},
    {file = "pytest-5.3.2.tar.gz", hash = "sha256:6b571215b5a790f9b41f19f3531c53a45cf6bb8ef2988bc1ff9afb38270b25fa"},
]
pytest-cov = [
    {file = "pytest-cov-2.8.1.tar.gz", hash = "sha256:cc6742d8bac45070217169f5f72ceee1e0e55b0221f54bcf24845972d3a47f2b"},
    {file = "pytest_cov-2.8.1-py2.py3-none-any.whl", hash = "sha256:cdbdef4f870408ebdbfeb44e63e07eb18bb4619fae852f6e760645fa36172626"},
]
pytest-mock = [
    {file = "pytest-mock-1.13.0.tar.gz", hash = "sha256:e24a911ec96773022ebcc7030059b57cd3480b56d4f5d19b7c370ec635e6aed5"},
    {file = "pytest_mock-1.13.0-py2.py3-none-any.whl", hash = "sha256:67e414b3caef7bff6fc6bd83b22b5bc39147e4493f483c2679bc9d4dc485a94d"},
]
pytz = [
    {file = "pytz-2019.3-py2.py3-none-any.whl", hash = "sha256:1c557d7d0e871de1f5ccd5833f60fb2550652da6be2693c1e02300743d21500d"},
    {file = "pytz-2019.3.tar.gz", hash = "sha256:b02c06db6cf09c12dd25137e563b31700d3b80fcc4ad23abb7a315f2789819be"},
]
requests = [
    {file = "requests-2.22.0-py2.py3-none-any.whl", hash = "sha256:9cf5292fcd0f598c671cfc1e0d7d1a7f13bb8085e9a590f48c010551dc6c4b31"},
    {file = "requests-2.22.0.tar.gz", hash = "sha256:11e007a8a2aa0323f5a921e9e6a2d7e4e67d9877e85773fba9ba6419025cbeb4"},
]
six = [
    {file = "six-1.13.0-py2.py3-none-any.whl", hash = "sha256:1f1b7d42e254082a9db6279deae68afb421ceba6158efa6131de7b3003ee93fd"},
    {file = "six-1.13.0.tar.gz", hash = "sha256:30f610279e8b2578cab6db20741130331735c781b56053c59c4076da27f06b66"},
]
snowballstemmer = [
    {file = "snowballstemmer-2.0.0-py2.py3-none-any.whl", hash = "sha256:209f257d7533fdb3cb73bdbd24f436239ca3b2fa67d56f6ff88e86be08cc5ef0"},
    {file = "snowballstemmer-2.0.0.tar.gz", hash = "sha256:df3bac3df4c2c01363f3dd2cfa78cce2840a79b9f1c2d2de9ce8d31683992f52"},
]
sphinx = [
    {file = "Sphinx-2.3.0-py3-none-any.whl", hash = "sha256:138e39aa10f28d52aa5759fc6d1cba2be6a4b750010974047fa7d0e31addcf63"},
    {file = "Sphinx-2.3.0.tar.gz", hash = "sha256:0a11e2fd31fe5c7e64b4fc53c2c022946512f021d603eb41ac6ae51d5fcbb574"},
]
sphinx-autodoc-typehints = [
    {file = "sphinx-autodoc-typehints-1.10.3.tar.gz", hash = "sha256:a6b3180167479aca2c4d1ed3b5cb044a70a76cccd6b38662d39288ebd9f0dff0"},
    {file = "sphinx_autodoc_typehints-1.10.3-py3-none-any.whl", hash = "sha256:27c9e6ef4f4451766ab8d08b2d8520933b97beb21c913f3df9ab2e59b56e6c6c"},
]
sphinx-rtd-theme = [
    {file = "sphinx_rtd_theme-0.4.3-py2.py3-none-any.whl", hash = "sha256:00cf895504a7895ee433807c62094cf1e95f065843bf3acd17037c3e9a2becd4"},
    {file = "sphinx_rtd_theme-0.4.3.tar.gz", hash = "sha256:728607e34d60456d736cc7991fd236afb828b21b82f956c5ea75f94c8414040a"},
]
sphinxcontrib-applehelp = [
    {file = "sphinxcontrib-applehelp-1.0.1.tar.gz", hash = "sha256:edaa0ab2b2bc74403149cb0209d6775c96de797dfd5b5e2a71981309efab3897"},
    {file = "sphinxcontrib_applehelp-1.0.1-py2.py3-none-any.whl", hash = "sha256:fb8dee85af95e5c30c91f10e7eb3c8967308518e0f7488a2828ef7bc191d0d5d"},
]
sphinxcontrib-devhelp = [
    {file = "sphinxcontrib-devhelp-1.0.1.tar.gz", hash = "sha256:6c64b077937330a9128a4da74586e8c2130262f014689b4b89e2d08ee7294a34"},
    {file = "sphinxcontrib_devhelp-1.0.1-py2.py3-none-any.whl", hash = "sha256:9512ecb00a2b0821a146736b39f7aeb90759834b07e81e8cc23a9c70bacb9981"},
]
sphinxcontrib-htmlhelp = [
    {file = "sphinxcontrib-htmlhelp-1.0.2.tar.gz", hash = "sha256:4670f99f8951bd78cd4ad2ab962f798f5618b17675c35c5ac3b2132a14ea8422"},
    {file = "sphinxcontrib_htmlhelp-1.0.2-py2.py3-none-any.whl", hash = "sha256:d4fd39a65a625c9df86d7fa8a2d9f3cd8299a3a4b15db63b50aac9e161d8eff7"},
]
sphinxcontrib-jsmath = [
    {file = "sphinxcontrib-jsmath-1.0.1.tar.gz", hash = "sha256:a9925e4a4587247ed2191a22df5f6970656cb8ca2bd6284309578f2153e0c4b8"},
    {file = "sphinxcontrib_jsmath-1.0.1-py2.py3-none-any.whl", hash = "sha256:2ec2eaebfb78f3f2078e73666b1415417a116cc848b72e5172e596c871103178"},
]
sphinxcontrib-qthelp = [
    {file = "sphinxcontrib-qthelp-1.0.2.tar.gz", hash = "sha256:79465ce11ae5694ff165becda529a600c754f4bc459778778c7017374d4d406f"},
    {file = "sphinxcontrib_qthelp-1.0.2-py2.py3-none-any.whl", hash = "sha256:513049b93031beb1f57d4daea74068a4feb77aa5630f856fcff2e50de14e9a20"},
]
sphinxcontrib-serializinghtml = [
    {file = "sphinxcontrib-serializinghtml-1.1.3.tar.gz", hash = "sha256:c0efb33f8052c04fd7a26c0a07f1678e8512e0faec19f4aa8f2473a8b81d5227"},
    {file = "sphinxcontrib_serializinghtml-1.1.3-py2.py3-none-any.whl", hash = "sha256:db6615af393650bf1151a6cd39120c29abaf93cc60db8c48eb2dddbfdc3a9768"},
]
urllib3 = [
    {file = "urllib3-1.25.7-py2.py3-none-any.whl", hash = "sha256:a8a318824cc77d1fd4b2bec2ded92646630d7fe8619497b142c84a9e6f5a7293"},
    {file = "urllib3-1.25.7.tar.gz", hash = "sha256:f3c5fd51747d450d4dcf6f923c81f78f811aab8205fda64b0aba34a4e48b0745"},
]
wcwidth = [
    {file = "wcwidth-0.1.7-py2.py3-none-any.whl", hash = "sha256:f4ebe71925af7b40a864553f761ed559b43544f8f71746c2d756c7fe788ade7c"},
    {file = "wcwidth-0.1.7.tar.gz", hash = "sha256:3df37372226d6e63e1b1e1eda15c594bca98a22d33a23832a90998faa96bc65e"},
]
xdoctest = [
    {file = "xdoctest-0.11.0-py2.py3-none-any.whl", hash = "sha256:292d8c0e8de9bcab6ce3fa5009da445278ce343c744aa2ae260710f924c5242e"},
    {file = "xdoctest-0.11.0.tar.gz", hash = "sha256:71951c60bb8b15fdf3c368c5636a6bbbd658ef5c2e5949e784adf5e1a1275fbd"},
]
zipp = [
    {file = "zipp-0.6.0-py2.py3-none-any.whl", hash = "sha256:f06903e9f1f43b12d371004b4ac7b06ab39a44adc747266928ae6debfa7b3335"},
    {file = "zipp-0.6.0.tar.gz", hash = "sha256:3718b1cbcd963c7d4c5511a8240812904164b7f381b647143a89d3b98f9bcd8e"},
]
